
Microsoft Visual Studio Solution File, Format Version 12.00
# Visual Studio Version 16
VisualStudioVersion = 16.0.29709.97
MinimumVisualStudioVersion = 10.0.40219.1
Project("{FAE04EC0-301F-11D3-BF4B-00C04F79EFBC}") = "WebApplication1", "WebApplication1\WebApplication1.csproj", "{911591FF-CFD6-45E8-A5A1-C2F1BA8E4F6A}"
EndProject
Global
	GlobalSection(SolutionConfigurationPlatforms) = preSolution
		Debug|Any CPU = Debug|Any CPU
		Release|Any CPU = Release|Any CPU
	EndGlobalSection
	GlobalSection(ProjectConfigurationPlatforms) = postSolution
		{911591FF-CFD6-45E8-A5A1-C2F1BA8E4F6A}.Debug|Any CPU.ActiveCfg = Debug|Any CPU
		{911591FF-CFD6-45E8-A5A1-C2F1BA8E4F6A}.Debug|Any CPU.Build.0 = Debug|Any CPU
		{911591FF-CFD6-45E8-A5A1-C2F1BA8E4F6A}.Release|Any CPU.ActiveCfg = Release|Any CPU
		{911591FF-CFD6-45E8-A5A1-C2F1BA8E4F6A}.Release|Any CPU.Build.0 = Release|Any CPU
	EndGlobalSection
	GlobalSection(SolutionProperties) = preSolution
		HideSolutionNode = FALSE
	EndGlobalSection
	GlobalSection(ExtensibilityGlobals) = postSolution
		SolutionGuid = {07545906-5241-438E-AA05-23ABF127C90A}
	EndGlobalSection
EndGlobal
